
Microsoft Visual Studio Solution File, Format Version 12.00
# Visual Studio 15
VisualStudioVersion = 15.0.28306.52
MinimumVisualStudioVersion = 10.0.40219.1
Project("{FAE04EC0-301F-11D3-BF4B-00C04F79EFBC}") = "WelcomeScript", "WelcomeScript\WelcomeScript.csproj", "{513829C4-E834-44ED-9E10-8CA62940C8F0}"
EndProject
Global
	GlobalSection(SolutionConfigurationPlatforms) = preSolution
		Debug|Any CPU = Debug|Any CPU
		Release|Any CPU = Release|Any CPU
	EndGlobalSection
	GlobalSection(ProjectConfigurationPlatforms) = postSolution
		{513829C4-E834-44ED-9E10-8CA62940C8F0}.Debug|Any CPU.ActiveCfg = Debug|Any CPU
		{513829C4-E834-44ED-9E10-8CA62940C8F0}.Debug|Any CPU.Build.0 = Debug|Any CPU
		{513829C4-E834-44ED-9E10-8CA62940C8F0}.Release|Any CPU.ActiveCfg = Release|Any CPU
		{513829C4-E834-44ED-9E10-8CA62940C8F0}.Release|Any CPU.Build.0 = Release|Any CPU
	EndGlobalSection
	GlobalSection(SolutionProperties) = preSolution
		HideSolutionNode = FALSE
	EndGlobalSection
	GlobalSection(ExtensibilityGlobals) = postSolution
		SolutionGuid = {DDD0E325-63BE-44E3-B2F0-60E1AF0C5EF7}
	EndGlobalSection
EndGlobal
