
Microsoft Visual Studio Solution File, Format Version 12.00
# Visual Studio 15
VisualStudioVersion = 15.0.28306.52
MinimumVisualStudioVersion = 10.0.40219.1
Project("{FAE04EC0-301F-11D3-BF4B-00C04F79EFBC}") = "MethodsExample4", "MethodsExample4\MethodsExample4.csproj", "{FD4B0C60-5455-4DE6-8BD4-765DAC417FCD}"
EndProject
Global
	GlobalSection(SolutionConfigurationPlatforms) = preSolution
		Debug|Any CPU = Debug|Any CPU
		Release|Any CPU = Release|Any CPU
	EndGlobalSection
	GlobalSection(ProjectConfigurationPlatforms) = postSolution
		{FD4B0C60-5455-4DE6-8BD4-765DAC417FCD}.Debug|Any CPU.ActiveCfg = Debug|Any CPU
		{FD4B0C60-5455-4DE6-8BD4-765DAC417FCD}.Debug|Any CPU.Build.0 = Debug|Any CPU
		{FD4B0C60-5455-4DE6-8BD4-765DAC417FCD}.Release|Any CPU.ActiveCfg = Release|Any CPU
		{FD4B0C60-5455-4DE6-8BD4-765DAC417FCD}.Release|Any CPU.Build.0 = Release|Any CPU
	EndGlobalSection
	GlobalSection(SolutionProperties) = preSolution
		HideSolutionNode = FALSE
	EndGlobalSection
	GlobalSection(ExtensibilityGlobals) = postSolution
		SolutionGuid = {AEB3D5EB-E5F4-4E26-B80B-CB4A1D84225D}
	EndGlobalSection
EndGlobal
