
Microsoft Visual Studio Solution File, Format Version 12.00
# Visual Studio 15
VisualStudioVersion = 15.0.28306.52
MinimumVisualStudioVersion = 10.0.40219.1
Project("{FAE04EC0-301F-11D3-BF4B-00C04F79EFBC}") = "ClassesExample2", "ClassesExample2\ClassesExample2.csproj", "{E67A793B-CF8A-4EC5-B276-40CC6BB0424E}"
EndProject
Global
	GlobalSection(SolutionConfigurationPlatforms) = preSolution
		Debug|Any CPU = Debug|Any CPU
		Release|Any CPU = Release|Any CPU
	EndGlobalSection
	GlobalSection(ProjectConfigurationPlatforms) = postSolution
		{E67A793B-CF8A-4EC5-B276-40CC6BB0424E}.Debug|Any CPU.ActiveCfg = Debug|Any CPU
		{E67A793B-CF8A-4EC5-B276-40CC6BB0424E}.Debug|Any CPU.Build.0 = Debug|Any CPU
		{E67A793B-CF8A-4EC5-B276-40CC6BB0424E}.Release|Any CPU.ActiveCfg = Release|Any CPU
		{E67A793B-CF8A-4EC5-B276-40CC6BB0424E}.Release|Any CPU.Build.0 = Release|Any CPU
	EndGlobalSection
	GlobalSection(SolutionProperties) = preSolution
		HideSolutionNode = FALSE
	EndGlobalSection
	GlobalSection(ExtensibilityGlobals) = postSolution
		SolutionGuid = {501A6BEC-C66C-4B64-BFAA-E9FB7CC7A864}
	EndGlobalSection
EndGlobal
